{
    "_readme": [
        "This file locks the dependencies of your project to a known state",
        "Read more about it at http://getcomposer.org/doc/01-basic-usage.md#composer-lock-the-lock-file",
        "This file is @generated automatically"
    ],
    "hash": "ff189ddba38df6d4140eb952e2c7161a",
    "packages": [
        {
            "name": "katzgrau/klogger",
            "version": "dev-master",
            "source": {
                "type": "git",
                "url": "https://github.com/katzgrau/KLogger.git",
                "reference": "6e530b7c0579c69488fabbff9f307d2d2591039e"
            },
            "dist": {
                "type": "zip",
                "url": "https://api.github.com/repos/katzgrau/KLogger/zipball/6e530b7c0579c69488fabbff9f307d2d2591039e",
                "reference": "6e530b7c0579c69488fabbff9f307d2d2591039e",
                "shasum": ""
            },
            "require": {
                "php": ">=5.3",
                "psr/log": "1.0.0"
            },
            "require-dev": {
                "phpunit/phpunit": "4.0.*"
            },
            "type": "library",
            "autoload": {
                "psr-4": {
                    "Katzgrau\\KLogger\\": "src/"
                },
                "classmap": [
                    "src/"
                ]
            },
            "license": [
                "MIT"
            ],
            "authors": [
                {
                    "name": "Kenny Katzgrau",
                    "email": "katzgrau@gmail.com"
                },
                {
                    "name": "Dan Horrigan",
                    "email": "dan@dhorrigan.com"
                }
            ],
            "description": "A Simple Logging Class",
            "keywords": [
                "logging"
            ],
            "support": {
                "source": "https://github.com/katzgrau/KLogger/tree/develop",
                "issues": "https://github.com/katzgrau/KLogger/issues"
            },
            "time": "2015-04-27 14:06:51"
        },
        {
            "name": "php-curl-class/php-curl-class",
            "version": "2.1.1",
            "source": {
                "type": "git",
                "url": "https://github.com/php-curl-class/php-curl-class.git",
                "reference": "4bb926c8317010d3b59ca051cba6a4e5dc825e7a"
            },
            "dist": {
                "type": "zip",
                "url": "https://api.github.com/repos/php-curl-class/php-curl-class/zipball/4bb926c8317010d3b59ca051cba6a4e5dc825e7a",
                "reference": "4bb926c8317010d3b59ca051cba6a4e5dc825e7a",
                "shasum": ""
            },
            "require": {
                "ext-curl": "*",
                "php": ">=5.3"
            },
            "require-dev": {
                "phpunit/phpunit": "*"
            },
            "type": "library",
            "autoload": {
                "classmap": [
                    "src/"
                ]
            },
            "notification-url": "https://packagist.org/downloads/",
            "license": [
                "Unlicense"
            ],
            "description": "PHP Curl Class is an object-oriented wrapper of the PHP cURL extension.",
            "homepage": "https://github.com/php-curl-class/php-curl-class",
            "keywords": [
                "class",
                "curl",
                "php"
            ],
            "time": "2014-12-18 18:22:32"
        },
        {
            "name": "psr/log",
            "version": "1.0.0",
            "source": {
                "type": "git",
                "url": "https://github.com/php-fig/log.git",
                "reference": "fe0936ee26643249e916849d48e3a51d5f5e278b"
            },
            "dist": {
                "type": "zip",
                "url": "https://api.github.com/repos/php-fig/log/zipball/fe0936ee26643249e916849d48e3a51d5f5e278b",
                "reference": "fe0936ee26643249e916849d48e3a51d5f5e278b",
                "shasum": ""
            },
            "type": "library",
            "autoload": {
                "psr-0": {
                    "Psr\\Log\\": ""
                }
            },
            "notification-url": "https://packagist.org/downloads/",
            "license": [
                "MIT"
            ],
            "authors": [
                {
                    "name": "PHP-FIG",
                    "homepage": "http://www.php-fig.org/"
                }
            ],
            "description": "Common interface for logging libraries",
            "keywords": [
                "log",
                "psr",
                "psr-3"
            ],
            "time": "2012-12-21 11:40:51"
        },
        {
            "name": "zzbomb/groupme",
            "version": "dev-master",
            "source": {
                "type": "git",
                "url": "https://github.com/johnluetke/GroupMePHP.git",
                "reference": "0fa7bb0cbbb7723a6d89ed3a0dffcdc3a093f604"
            },
            "dist": {
                "type": "zip",
                "url": "https://api.github.com/repos/johnluetke/GroupMePHP/zipball/0fa7bb0cbbb7723a6d89ed3a0dffcdc3a093f604",
                "reference": "0fa7bb0cbbb7723a6d89ed3a0dffcdc3a093f604",
                "shasum": ""
            },
            "require": {
                "php": ">=5.3.0"
            },
            "require-dev": {
                "phpunit/dbunit": "1.3.2",
                "phpunit/phpunit": "4.6.6",
                "phpunit/phpunit-selenium": "1.4.2"
            },
            "type": "library",
            "autoload": {
                "psr-4": {
                    "GroupMePHP\\": "src/"
                }
            },
            "license": [
                "MIT"
            ],
            "authors": [
                {
                    "name": "John Spaetzel",
                    "email": "john.spaetzel@gmail.com",
                    "homepage": "http://johnspaetzel.com",
                    "role": "Developer"
                }
            ],
            "description": "Groupme Library for PHP",
            "homepage": "https://github.com/zzbomb/GroupMePHP",
            "keywords": [
                "groupme",
                "php"
            ],
            "support": {
                "source": "https://github.com/johnluetke/GroupMePHP/tree/master"
            },
            "time": "2015-07-22 21:16:31"
        }
    ],
    "packages-dev": [],
    "aliases": [],
    "minimum-stability": "stable",
    "stability-flags": {
        "katzgrau/klogger": 20,
        "zzbomb/groupme": 20
    },
    "prefer-stable": false,
    "prefer-lowest": false,
    "platform": [],
    "platform-dev": []
}
